{
  "originHash": "446fd9c18cb25956fd96f4bff1b4bd03443518c90645a9cc8a92b5f5e889fa72",
  "pins": [
    {
      "identity": "score",
      "kind": "remoteSourceControl",
      "location": "https://github.com/suesslt/score.git",
      "state": {
        "revision": "53902413deffdf970bfa58fda3d2dfdbea951373",
        "version": "2.5.0"
      }
    }
  ],
  "version": 3
}