{
  "originHash" : "446fd9c18cb25956fd96f4bff1b4bd03443518c90645a9cc8a92b5f5e889fa72",
  "pins" : [
    {
      "identity" : "score",
      "kind" : "remoteSourceControl",
      "location" : "https://github.com/suesslt/score.git",
      "state" : {
        "branch" : "main",
        "revision" : "5d9fae4f14e7f07f9bd067fd9942cf8d700cad2c"
      }
    }
  ],
  "version" : 3
}
